<?xml version="1.0" encoding="utf-8"?>
<Project ToolsVersion="4.0" xmlns="http://schemas.microsoft.com/developer/msbuild/2003">
  <ItemGroup>
    <Filter Include="Source Files">
      <UniqueIdentifier>{4FC737F1-C7A5-4376-A066-2A32D752A2FF}</UniqueIdentifier>
      <Extensions>cpp;c;cc;cxx;c++;def;odl;idl;hpj;bat;asm;asmx</Extensions>
    </Filter>
    <Filter Include="Header Files">
      <UniqueIdentifier>{93995380-89BD-4b04-88EB-625FBE52EBFB}</UniqueIdentifier>
      <Extensions>h;hh;hpp;hxx;h++;hm;inl;inc;ipp;xsd</Extensions>
    </Filter>
    <Filter Include="Resource Files">
      <UniqueIdentifier>{67DA6AB6-F800-4c08-8B7A-83BB121AAD01}</UniqueIdentifier>
      <Extensions>rc;ico;cur;bmp;dlg;rc2;rct;bin;rgs;gif;jpg;jpeg;jpe;resx;tiff;tif;png;wav;mfcribbon-ms</Extensions>
    </Filter>
  </ItemGroup>
  <ItemGroup>
    <ClInclude Include="allroles.h">
      <Filter>Header Files</Filter>
    </ClInclude>
    <ClInclude Include="courses.h">
      <Filter>Header Files</Filter>
    </ClInclude>
    <ClInclude Include="class.h">
      <Filter>Header Files</Filter>
    </ClInclude>
    <ClInclude Include="score.h">
      <Filter>Header Files</Filter>
    </ClInclude>
    <ClInclude Include="lecturer.h">
      <Filter>Header Files</Filter>
    </ClInclude>
    <ClInclude Include="students.h">
      <Filter>Header Files</Filter>
    </ClInclude>
    <ClInclude Include="header.h">
      <Filter>Header Files</Filter>
    </ClInclude>
    <ClInclude Include="staff.h">
      <Filter>Header Files</Filter>
    </ClInclude>
  </ItemGroup>
  <ItemGroup>
    <ClCompile Include="login.cpp">
      <Filter>Resource Files</Filter>
    </ClCompile>
    <ClCompile Include="showMenu.cpp">
      <Filter>Resource Files</Filter>
    </ClCompile>
    <ClCompile Include="changePass.cpp">
      <Filter>Resource Files</Filter>
    </ClCompile>
    <ClCompile Include="viewInfo.cpp">
      <Filter>Resource Files</Filter>
    </ClCompile>
    <ClCompile Include="logout.cpp">
      <Filter>Resource Files</Filter>
    </ClCompile>
    <ClCompile Include="main.cpp">
      <Filter>Source Files</Filter>
    </ClCompile>
    <ClCompile Include="STAaddNewCourse.cpp">
      <Filter>Resource Files</Filter>
    </ClCompile>
    <ClCompile Include="STAaddNewStudent.cpp">
      <Filter>Resource Files</Filter>
    </ClCompile>
    <ClCompile Include="STAaddStudentToCourse.cpp">
      <Filter>Resource Files</Filter>
    </ClCompile>
    <ClCompile Include="STAchangeStudentAB.cpp">
      <Filter>Resource Files</Filter>
    </ClCompile>
    <ClCompile Include="STAeditCourse.cpp">
      <Filter>Resource Files</Filter>
    </ClCompile>
    <ClCompile Include="STAeditStudent.cpp">
      <Filter>Resource Files</Filter>
    </ClCompile>
    <ClCompile Include="STAexportAttendance.cpp">
      <Filter>Resource Files</Filter>
    </ClCompile>
    <ClCompile Include="STAimportCourses.cpp">
      <Filter>Resource Files</Filter>
    </ClCompile>
    <ClCompile Include="STAimportStudents.cpp">
      <Filter>Resource Files</Filter>
    </ClCompile>
    <ClCompile Include="STAremoveCourse.cpp">
      <Filter>Resource Files</Filter>
    </ClCompile>
    <ClCompile Include="STAremoveStudent.cpp">
      <Filter>Resource Files</Filter>
    </ClCompile>
    <ClCompile Include="STARemoveStudentFromCourse.cpp">
      <Filter>Resource Files</Filter>
    </ClCompile>
    <ClCompile Include="STASearchAndViewListCourses.cpp">
      <Filter>Resource Files</Filter>
    </ClCompile>
    <ClCompile Include="STAupdateYearSemester.cpp">
      <Filter>Resource Files</Filter>
    </ClCompile>
    <ClCompile Include="STAviewAllLecturer.cpp">
      <Filter>Resource Files</Filter>
    </ClCompile>
    <ClCompile Include="STAviewAttendanceFromCourse.cpp">
      <Filter>Resource Files</Filter>
    </ClCompile>
    <ClCompile Include="STAviewListCourses.cpp">
      <Filter>Resource Files</Filter>
    </ClCompile>
    <ClCompile Include="STAviewListOfClass.cpp">
      <Filter>Resource Files</Filter>
    </ClCompile>
    <ClCompile Include="STAviewListOfStudentInCourse.cpp">
      <Filter>Resource Files</Filter>
    </ClCompile>
    <ClCompile Include="LECviewListOfCourses.cpp">
      <Filter>Resource Files</Filter>
    </ClCompile>
    <ClCompile Include="LECviewListOfStudentCourse.cpp">
      <Filter>Resource Files</Filter>
    </ClCompile>
    <ClCompile Include="LECviewAttendanceList.cpp">
      <Filter>Resource Files</Filter>
    </ClCompile>
    <ClCompile Include="LECeditAttendance.cpp">
      <Filter>Resource Files</Filter>
    </ClCompile>
    <ClCompile Include="LECimportScoreBoard.cpp">
      <Filter>Resource Files</Filter>
    </ClCompile>
    <ClCompile Include="LECeditGradeStudent.cpp">
      <Filter>Resource Files</Filter>
    </ClCompile>
    <ClCompile Include="LECviewScoreBoard.cpp">
      <Filter>Resource Files</Filter>
    </ClCompile>
    <ClCompile Include="STUcheckin.cpp">
      <Filter>Resource Files</Filter>
    </ClCompile>
    <ClCompile Include="STUviewCheckinResult.cpp">
      <Filter>Resource Files</Filter>
    </ClCompile>
    <ClCompile Include="STUviewSchedule.cpp">
      <Filter>Resource Files</Filter>
    </ClCompile>
    <ClCompile Include="STUviewScore.cpp">
      <Filter>Resource Files</Filter>
    </ClCompile>
    <ClCompile Include="attendance.h">
      <Filter>Header Files</Filter>
    </ClCompile>
  </ItemGroup>
</Project>